// !$*UTF8*$!
{
	archiveVersion = 1;
	classes = {
	};
	objectVersion = 50;
	objects = {

/* Begin PBXBuildFile section */
		D0BDA26F26C80E92005E0382 /* GimmiekApp.swift in Sources */ = {isa = PBXBuildFile; fileRef = D0BDA26E26C80E92005E0382 /* GimmiekApp.swift */; };
		D0BDA27126C80E92005E0382 /* ContentView.swift in Sources */ = {isa = PBXBuildFile; fileRef = D0BDA27026C80E92005E0382 /* ContentView.swift */; };
		D0BDA27326C80E94005E0382 /* Assets.xcassets in Resources */ = {isa = PBXBuildFile; fileRef = D0BDA27226C80E94005E0382 /* Assets.xcassets */; };
		D0BDA27626C80E94005E0382 /* Preview Assets.xcassets in Resources */ = {isa = PBXBuildFile; fileRef = D0BDA27526C80E94005E0382 /* Preview Assets.xcassets */; };
		D0BDA28226C80F52005E0382 /* Game.swift in Sources */ = {isa = PBXBuildFile; fileRef = D0BDA28126C80F52005E0382 /* Game.swift */; };
		D0BDA28826C82660005E0382 /* GameUseCase.swift in Sources */ = {isa = PBXBuildFile; fileRef = D0BDA28726C82660005E0382 /* GameUseCase.swift */; };
		D0BDA28B26C826B5005E0382 /* GameUiModel.swift in Sources */ = {isa = PBXBuildFile; fileRef = D0BDA28A26C826B5005E0382 /* GameUiModel.swift */; };
		D0BDA28F26C828CC005E0382 /* GameList.swift in Sources */ = {isa = PBXBuildFile; fileRef = D0BDA28E26C828CC005E0382 /* GameList.swift */; };
		D0BDA29426C828FB005E0382 /* GameItemView.swift in Sources */ = {isa = PBXBuildFile; fileRef = D0BDA29326C828FB005E0382 /* GameItemView.swift */; };
/* End PBXBuildFile section */

/* Begin PBXFileReference section */
		D0BDA26B26C80E92005E0382 /* Gimmiek.app */ = {isa = PBXFileReference; explicitFileType = wrapper.application; includeInIndex = 0; path = Gimmiek.app; sourceTree = BUILT_PRODUCTS_DIR; };
		D0BDA26E26C80E92005E0382 /* GimmiekApp.swift */ = {isa = PBXFileReference; lastKnownFileType = sourcecode.swift; path = GimmiekApp.swift; sourceTree = "<group>"; };
		D0BDA27026C80E92005E0382 /* ContentView.swift */ = {isa = PBXFileReference; lastKnownFileType = sourcecode.swift; path = ContentView.swift; sourceTree = "<group>"; };
		D0BDA27226C80E94005E0382 /* Assets.xcassets */ = {isa = PBXFileReference; lastKnownFileType = folder.assetcatalog; path = Assets.xcassets; sourceTree = "<group>"; };
		D0BDA27526C80E94005E0382 /* Preview Assets.xcassets */ = {isa = PBXFileReference; lastKnownFileType = folder.assetcatalog; path = "Preview Assets.xcassets"; sourceTree = "<group>"; };
		D0BDA27726C80E94005E0382 /* Info.plist */ = {isa = PBXFileReference; lastKnownFileType = text.plist.xml; path = Info.plist; sourceTree = "<group>"; };
		D0BDA28126C80F52005E0382 /* Game.swift */ = {isa = PBXFileReference; lastKnownFileType = sourcecode.swift; path = Game.swift; sourceTree = "<group>"; };
		D0BDA28726C82660005E0382 /* GameUseCase.swift */ = {isa = PBXFileReference; lastKnownFileType = sourcecode.swift; path = GameUseCase.swift; sourceTree = "<group>"; };
		D0BDA28A26C826B5005E0382 /* GameUiModel.swift */ = {isa = PBXFileReference; lastKnownFileType = sourcecode.swift; path = GameUiModel.swift; sourceTree = "<group>"; };
		D0BDA28E26C828CC005E0382 /* GameList.swift */ = {isa = PBXFileReference; lastKnownFileType = sourcecode.swift; path = GameList.swift; sourceTree = "<group>"; };
		D0BDA29326C828FB005E0382 /* GameItemView.swift */ = {isa = PBXFileReference; lastKnownFileType = sourcecode.swift; path = GameItemView.swift; sourceTree = "<group>"; };
/* End PBXFileReference section */

/* Begin PBXFrameworksBuildPhase section */
		D0BDA26826C80E92005E0382 /* Frameworks */ = {
			isa = PBXFrameworksBuildPhase;
			buildActionMask = 2147483647;
			files = (
			);
			runOnlyForDeploymentPostprocessing = 0;
		};
/* End PBXFrameworksBuildPhase section */

/* Begin PBXGroup section */
		D0BDA26226C80E92005E0382 = {
			isa = PBXGroup;
			children = (
				D0BDA26D26C80E92005E0382 /* Gimmiek */,
				D0BDA26C26C80E92005E0382 /* Products */,
			);
			sourceTree = "<group>";
		};
		D0BDA26C26C80E92005E0382 /* Products */ = {
			isa = PBXGroup;
			children = (
				D0BDA26B26C80E92005E0382 /* Gimmiek.app */,
			);
			name = Products;
			sourceTree = "<group>";
		};
		D0BDA26D26C80E92005E0382 /* Gimmiek */ = {
			isa = PBXGroup;
			children = (
				D0BDA28026C80EF0005E0382 /* model */,
				D0BDA27E26C80EE7005E0382 /* view */,
				D0BDA28626C8263B005E0382 /* controller */,
				D0BDA27226C80E94005E0382 /* Assets.xcassets */,
				D0BDA27726C80E94005E0382 /* Info.plist */,
				D0BDA27426C80E94005E0382 /* Preview Content */,
			);
			path = Gimmiek;
			sourceTree = "<group>";
		};
		D0BDA27426C80E94005E0382 /* Preview Content */ = {
			isa = PBXGroup;
			children = (
				D0BDA27526C80E94005E0382 /* Preview Assets.xcassets */,
			);
			path = "Preview Content";
			sourceTree = "<group>";
		};
		D0BDA27E26C80EE7005E0382 /* view */ = {
			isa = PBXGroup;
			children = (
				D0BDA26E26C80E92005E0382 /* GimmiekApp.swift */,
				D0BDA27026C80E92005E0382 /* ContentView.swift */,
				D0BDA29126C828EB005E0382 /* game */,
			);
			path = view;
			sourceTree = "<group>";
		};
		D0BDA28026C80EF0005E0382 /* model */ = {
			isa = PBXGroup;
			children = (
				D0BDA28126C80F52005E0382 /* Game.swift */,
				D0BDA28A26C826B5005E0382 /* GameUiModel.swift */,
			);
			path = model;
			sourceTree = "<group>";
		};
		D0BDA28626C8263B005E0382 /* controller */ = {
			isa = PBXGroup;
			children = (
				D0BDA28726C82660005E0382 /* GameUseCase.swift */,
			);
			path = controller;
			sourceTree = "<group>";
		};
		D0BDA29126C828EB005E0382 /* game */ = {
			isa = PBXGroup;
			children = (
				D0BDA28E26C828CC005E0382 /* GameList.swift */,
				D0BDA29326C828FB005E0382 /* GameItemView.swift */,
			);
			path = game;
			sourceTree = "<group>";
		};
/* End PBXGroup section */

/* Begin PBXNativeTarget section */
		D0BDA26A26C80E92005E0382 /* Gimmiek */ = {
			isa = PBXNativeTarget;
			buildConfigurationList = D0BDA27A26C80E94005E0382 /* Build configuration list for PBXNativeTarget "Gimmiek" */;
			buildPhases = (
				D0BDA26726C80E92005E0382 /* Sources */,
				D0BDA26826C80E92005E0382 /* Frameworks */,
				D0BDA26926C80E92005E0382 /* Resources */,
			);
			buildRules = (
			);
			dependencies = (
			);
			name = Gimmiek;
			productName = Gimmiek;
			productReference = D0BDA26B26C80E92005E0382 /* Gimmiek.app */;
			productType = "com.apple.product-type.application";
		};
/* End PBXNativeTarget section */

/* Begin PBXProject section */
		D0BDA26326C80E92005E0382 /* Project object */ = {
			isa = PBXProject;
			attributes = {
				LastSwiftUpdateCheck = 1240;
				LastUpgradeCheck = 1240;
				TargetAttributes = {
					D0BDA26A26C80E92005E0382 = {
						CreatedOnToolsVersion = 12.4;
					};
				};
			};
			buildConfigurationList = D0BDA26626C80E92005E0382 /* Build configuration list for PBXProject "Gimmiek" */;
			compatibilityVersion = "Xcode 9.3";
			developmentRegion = en;
			hasScannedForEncodings = 0;
			knownRegions = (
				en,
				Base,
			);
			mainGroup = D0BDA26226C80E92005E0382;
			productRefGroup = D0BDA26C26C80E92005E0382 /* Products */;
			projectDirPath = "";
			projectRoot = "";
			targets = (
				D0BDA26A26C80E92005E0382 /* Gimmiek */,
			);
		};
/* End PBXProject section */

/* Begin PBXResourcesBuildPhase section */
		D0BDA26926C80E92005E0382 /* Resources */ = {
			isa = PBXResourcesBuildPhase;
			buildActionMask = 2147483647;
			files = (
				D0BDA27626C80E94005E0382 /* Preview Assets.xcassets in Resources */,
				D0BDA27326C80E94005E0382 /* Assets.xcassets in Resources */,
			);
			runOnlyForDeploymentPostprocessing = 0;
		};
/* End PBXResourcesBuildPhase section */

/* Begin PBXSourcesBuildPhase section */
		D0BDA26726C80E92005E0382 /* Sources */ = {
			isa = PBXSourcesBuildPhase;
			buildActionMask = 2147483647;
			files = (
				D0BDA27126C80E92005E0382 /* ContentView.swift in Sources */,
				D0BDA28F26C828CC005E0382 /* GameList.swift in Sources */,
				D0BDA28B26C826B5005E0382 /* GameUiModel.swift in Sources */,
				D0BDA29426C828FB005E0382 /* GameItemView.swift in Sources */,
				D0BDA28226C80F52005E0382 /* Game.swift in Sources */,
				D0BDA26F26C80E92005E0382 /* GimmiekApp.swift in Sources */,
				D0BDA28826C82660005E0382 /* GameUseCase.swift in Sources */,
			);
			runOnlyForDeploymentPostprocessing = 0;
		};
/* End PBXSourcesBuildPhase section */

/* Begin XCBuildConfiguration section */
		D0BDA27826C80E94005E0382 /* Debug */ = {
			isa = XCBuildConfiguration;
			buildSettings = {
				ALWAYS_SEARCH_USER_PATHS = NO;
				CLANG_ANALYZER_NONNULL = YES;
				CLANG_ANALYZER_NUMBER_OBJECT_CONVERSION = YES_AGGRESSIVE;
				CLANG_CXX_LANGUAGE_STANDARD = "gnu++14";
				CLANG_CXX_LIBRARY = "libc++";
				CLANG_ENABLE_MODULES = YES;
				CLANG_ENABLE_OBJC_ARC = YES;
				CLANG_ENABLE_OBJC_WEAK = YES;
				CLANG_WARN_BLOCK_CAPTURE_AUTORELEASING = YES;
				CLANG_WARN_BOOL_CONVERSION = YES;
				CLANG_WARN_COMMA = YES;
				CLANG_WARN_CONSTANT_CONVERSION = YES;
				CLANG_WARN_DEPRECATED_OBJC_IMPLEMENTATIONS = YES;
				CLANG_WARN_DIRECT_OBJC_ISA_USAGE = YES_ERROR;
				CLANG_WARN_DOCUMENTATION_COMMENTS = YES;
				CLANG_WARN_EMPTY_BODY = YES;
				CLANG_WARN_ENUM_CONVERSION = YES;
				CLANG_WARN_INFINITE_RECURSION = YES;
				CLANG_WARN_INT_CONVERSION = YES;
				CLANG_WARN_NON_LITERAL_NULL_CONVERSION = YES;
				CLANG_WARN_OBJC_IMPLICIT_RETAIN_SELF = YES;
				CLANG_WARN_OBJC_LITERAL_CONVERSION = YES;
				CLANG_WARN_OBJC_ROOT_CLASS = YES_ERROR;
				CLANG_WARN_QUOTED_INCLUDE_IN_FRAMEWORK_HEADER = YES;
				CLANG_WARN_RANGE_LOOP_ANALYSIS = YES;
				CLANG_WARN_STRICT_PROTOTYPES = YES;
				CLANG_WARN_SUSPICIOUS_MOVE = YES;
				CLANG_WARN_UNGUARDED_AVAILABILITY = YES_AGGRESSIVE;
				CLANG_WARN_UNREACHABLE_CODE = YES;
				CLANG_WARN__DUPLICATE_METHOD_MATCH = YES;
				COPY_PHASE_STRIP = NO;
				DEBUG_INFORMATION_FORMAT = dwarf;
				ENABLE_STRICT_OBJC_MSGSEND = YES;
				ENABLE_TESTABILITY = YES;
				GCC_C_LANGUAGE_STANDARD = gnu11;
				GCC_DYNAMIC_NO_PIC = NO;
				GCC_NO_COMMON_BLOCKS = YES;
				GCC_OPTIMIZATION_LEVEL = 0;
				GCC_PREPROCESSOR_DEFINITIONS = (
					"DEBUG=1",
					"$(inherited)",
				);
				GCC_WARN_64_TO_32_BIT_CONVERSION = YES;
				GCC_WARN_ABOUT_RETURN_TYPE = YES_ERROR;
				GCC_WARN_UNDECLARED_SELECTOR = YES;
				GCC_WARN_UNINITIALIZED_AUTOS = YES_AGGRESSIVE;
				GCC_WARN_UNUSED_FUNCTION = YES;
				GCC_WARN_UNUSED_VARIABLE = YES;
				IPHONEOS_DEPLOYMENT_TARGET = 14.4;
				MTL_ENABLE_DEBUG_INFO = INCLUDE_SOURCE;
				MTL_FAST_MATH = YES;
				ONLY_ACTIVE_ARCH = YES;
				SDKROOT = iphoneos;
				SWIFT_ACTIVE_COMPILATION_CONDITIONS = DEBUG;
				SWIFT_OPTIMIZATION_LEVEL = "-Onone";
			};
			name = Debug;
		};
		D0BDA27926C80E94005E0382 /* Release */ = {
			isa = XCBuildConfiguration;
			buildSettings = {
				ALWAYS_SEARCH_USER_PATHS = NO;
				CLANG_ANALYZER_NONNULL = YES;
				CLANG_ANALYZER_NUMBER_OBJECT_CONVERSION = YES_AGGRESSIVE;
				CLANG_CXX_LANGUAGE_STANDARD = "gnu++14";
				CLANG_CXX_LIBRARY = "libc++";
				CLANG_ENABLE_MODULES = YES;
				CLANG_ENABLE_OBJC_ARC = YES;
				CLANG_ENABLE_OBJC_WEAK = YES;
				CLANG_WARN_BLOCK_CAPTURE_AUTORELEASING = YES;
				CLANG_WARN_BOOL_CONVERSION = YES;
				CLANG_WARN_COMMA = YES;
				CLANG_WARN_CONSTANT_CONVERSION = YES;
				CLANG_WARN_DEPRECATED_OBJC_IMPLEMENTATIONS = YES;
				CLANG_WARN_DIRECT_OBJC_ISA_USAGE = YES_ERROR;
				CLANG_WARN_DOCUMENTATION_COMMENTS = YES;
				CLANG_WARN_EMPTY_BODY = YES;
				CLANG_WARN_ENUM_CONVERSION = YES;
				CLANG_WARN_INFINITE_RECURSION = YES;
				CLANG_WARN_INT_CONVERSION = YES;
				CLANG_WARN_NON_LITERAL_NULL_CONVERSION = YES;
				CLANG_WARN_OBJC_IMPLICIT_RETAIN_SELF = YES;
				CLANG_WARN_OBJC_LITERAL_CONVERSION = YES;
				CLANG_WARN_OBJC_ROOT_CLASS = YES_ERROR;
				CLANG_WARN_QUOTED_INCLUDE_IN_FRAMEWORK_HEADER = YES;
				CLANG_WARN_RANGE_LOOP_ANALYSIS = YES;
				CLANG_WARN_STRICT_PROTOTYPES = YES;
				CLANG_WARN_SUSPICIOUS_MOVE = YES;
				CLANG_WARN_UNGUARDED_AVAILABILITY = YES_AGGRESSIVE;
				CLANG_WARN_UNREACHABLE_CODE = YES;
				CLANG_WARN__DUPLICATE_METHOD_MATCH = YES;
				COPY_PHASE_STRIP = NO;
				DEBUG_INFORMATION_FORMAT = "dwarf-with-dsym";
				ENABLE_NS_ASSERTIONS = NO;
				ENABLE_STRICT_OBJC_MSGSEND = YES;
				GCC_C_LANGUAGE_STANDARD = gnu11;
				GCC_NO_COMMON_BLOCKS = YES;
				GCC_WARN_64_TO_32_BIT_CONVERSION = YES;
				GCC_WARN_ABOUT_RETURN_TYPE = YES_ERROR;
				GCC_WARN_UNDECLARED_SELECTOR = YES;
				GCC_WARN_UNINITIALIZED_AUTOS = YES_AGGRESSIVE;
				GCC_WARN_UNUSED_FUNCTION = YES;
				GCC_WARN_UNUSED_VARIABLE = YES;
				IPHONEOS_DEPLOYMENT_TARGET = 14.4;
				MTL_ENABLE_DEBUG_INFO = NO;
				MTL_FAST_MATH = YES;
				SDKROOT = iphoneos;
				SWIFT_COMPILATION_MODE = wholemodule;
				SWIFT_OPTIMIZATION_LEVEL = "-O";
				VALIDATE_PRODUCT = YES;
			};
			name = Release;
		};
		D0BDA27B26C80E94005E0382 /* Debug */ = {
			isa = XCBuildConfiguration;
			buildSettings = {
				ASSETCATALOG_COMPILER_APPICON_NAME = AppIcon;
				ASSETCATALOG_COMPILER_GLOBAL_ACCENT_COLOR_NAME = AccentColor;
				CODE_SIGN_STYLE = Automatic;
				DEVELOPMENT_ASSET_PATHS = "\"Gimmiek/Preview Content\"";
				DEVELOPMENT_TEAM = 4L75Q22Z5W;
				ENABLE_PREVIEWS = YES;
				INFOPLIST_FILE = Gimmiek/Info.plist;
				IPHONEOS_DEPLOYMENT_TARGET = 14.0;
				LD_RUNPATH_SEARCH_PATHS = (
					"$(inherited)",
					"@executable_path/Frameworks",
				);
				PRODUCT_BUNDLE_IDENTIFIER = id.adeds.gimmiek.Gimmiek;
				PRODUCT_NAME = "$(TARGET_NAME)";
				SWIFT_VERSION = 5.0;
				TARGETED_DEVICE_FAMILY = "1,2";
			};
			name = Debug;
		};
		D0BDA27C26C80E94005E0382 /* Release */ = {
			isa = XCBuildConfiguration;
			buildSettings = {
				ASSETCATALOG_COMPILER_APPICON_NAME = AppIcon;
				ASSETCATALOG_COMPILER_GLOBAL_ACCENT_COLOR_NAME = AccentColor;
				CODE_SIGN_STYLE = Automatic;
				DEVELOPMENT_ASSET_PATHS = "\"Gimmiek/Preview Content\"";
				DEVELOPMENT_TEAM = 4L75Q22Z5W;
				ENABLE_PREVIEWS = YES;
				INFOPLIST_FILE = Gimmiek/Info.plist;
				IPHONEOS_DEPLOYMENT_TARGET = 14.0;
				LD_RUNPATH_SEARCH_PATHS = (
					"$(inherited)",
					"@executable_path/Frameworks",
				);
				PRODUCT_BUNDLE_IDENTIFIER = id.adeds.gimmiek.Gimmiek;
				PRODUCT_NAME = "$(TARGET_NAME)";
				SWIFT_VERSION = 5.0;
				TARGETED_DEVICE_FAMILY = "1,2";
			};
			name = Release;
		};
/* End XCBuildConfiguration section */

/* Begin XCConfigurationList section */
		D0BDA26626C80E92005E0382 /* Build configuration list for PBXProject "Gimmiek" */ = {
			isa = XCConfigurationList;
			buildConfigurations = (
				D0BDA27826C80E94005E0382 /* Debug */,
				D0BDA27926C80E94005E0382 /* Release */,
			);
			defaultConfigurationIsVisible = 0;
			defaultConfigurationName = Release;
		};
		D0BDA27A26C80E94005E0382 /* Build configuration list for PBXNativeTarget "Gimmiek" */ = {
			isa = XCConfigurationList;
			buildConfigurations = (
				D0BDA27B26C80E94005E0382 /* Debug */,
				D0BDA27C26C80E94005E0382 /* Release */,
			);
			defaultConfigurationIsVisible = 0;
			defaultConfigurationName = Release;
		};
/* End XCConfigurationList section */
	};
	rootObject = D0BDA26326C80E92005E0382 /* Project object */;
}
