// !$*UTF8*$!
{
	archiveVersion = 1;
	classes = {
	};
	objectVersion = 52;
	objects = {

/* Begin PBXBuildFile section */
		D00F1AAC272EE7A400FFA503 /* GimmiekTests.swift in Sources */ = {isa = PBXBuildFile; fileRef = D00F1AAB272EE7A400FFA503 /* GimmiekTests.swift */; };
		D00F1AB3272EE7DF00FFA503 /* GameMapperTest.swift in Sources */ = {isa = PBXBuildFile; fileRef = D00F1A9E272EDBD900FFA503 /* GameMapperTest.swift */; };
		D00F1AB4272EE83400FFA503 /* RandomFactory.swift in Sources */ = {isa = PBXBuildFile; fileRef = D00F1AA1272EDC4000FFA503 /* RandomFactory.swift */; };
		D00F1AB5272EE83700FFA503 /* GameFactory.swift in Sources */ = {isa = PBXBuildFile; fileRef = D00F1AA3272EDCE000FFA503 /* GameFactory.swift */; };
		D0246C3727245D7300D319F2 /* GameListViewModel.swift in Sources */ = {isa = PBXBuildFile; fileRef = D0246C3627245D7300D319F2 /* GameListViewModel.swift */; };
		D0687EA327298B46004D3908 /* GameFavoritesViewModel.swift in Sources */ = {isa = PBXBuildFile; fileRef = D0687EA227298B46004D3908 /* GameFavoritesViewModel.swift */; };
		D0774DA92735971100C5A205 /* Core in Frameworks */ = {isa = PBXBuildFile; productRef = D0774DA82735971100C5A205 /* Core */; };
		D0774DAC27359ED900C5A205 /* Core in Frameworks */ = {isa = PBXBuildFile; productRef = D0774DAB27359ED900C5A205 /* Core */; };
		D085BC1926C8CE4B00380C64 /* AccountDetailView.swift in Sources */ = {isa = PBXBuildFile; fileRef = D085BC1826C8CE4B00380C64 /* AccountDetailView.swift */; };
		D0BDA26F26C80E92005E0382 /* GimmiekApp.swift in Sources */ = {isa = PBXBuildFile; fileRef = D0BDA26E26C80E92005E0382 /* GimmiekApp.swift */; };
		D0BDA27126C80E92005E0382 /* ContentView.swift in Sources */ = {isa = PBXBuildFile; fileRef = D0BDA27026C80E92005E0382 /* ContentView.swift */; };
		D0BDA27326C80E94005E0382 /* Assets.xcassets in Resources */ = {isa = PBXBuildFile; fileRef = D0BDA27226C80E94005E0382 /* Assets.xcassets */; };
		D0BDA27626C80E94005E0382 /* Preview Assets.xcassets in Resources */ = {isa = PBXBuildFile; fileRef = D0BDA27526C80E94005E0382 /* Preview Assets.xcassets */; };
		D0BDA28F26C828CC005E0382 /* GameListView.swift in Sources */ = {isa = PBXBuildFile; fileRef = D0BDA28E26C828CC005E0382 /* GameListView.swift */; };
		D0BDA29426C828FB005E0382 /* GameItemView.swift in Sources */ = {isa = PBXBuildFile; fileRef = D0BDA29326C828FB005E0382 /* GameItemView.swift */; };
		D0BDA2A026C83B72005E0382 /* GameDetailView.swift in Sources */ = {isa = PBXBuildFile; fileRef = D0BDA29F26C83B72005E0382 /* GameDetailView.swift */; };
		D0BDA2A626C83BD0005E0382 /* Blur.swift in Sources */ = {isa = PBXBuildFile; fileRef = D0BDA2A526C83BD0005E0382 /* Blur.swift */; };
		D0BDA2AA26C84161005E0382 /* EmptyStateView.swift in Sources */ = {isa = PBXBuildFile; fileRef = D0BDA2A926C84161005E0382 /* EmptyStateView.swift */; };
		D0C36A3526D549EF00D647FB /* GameFavoritesView.swift in Sources */ = {isa = PBXBuildFile; fileRef = D0C36A3426D549EF00D647FB /* GameFavoritesView.swift */; };
		D0C430632725A2A0004B0889 /* AccountViewModel.swift in Sources */ = {isa = PBXBuildFile; fileRef = D0C430622725A2A0004B0889 /* AccountViewModel.swift */; };
		D0C4306F2725B66F004B0889 /* Router.swift in Sources */ = {isa = PBXBuildFile; fileRef = D0C4306E2725B66F004B0889 /* Router.swift */; };
		D0C430742725C562004B0889 /* GameDetailViewModel.swift in Sources */ = {isa = PBXBuildFile; fileRef = D0C430732725C562004B0889 /* GameDetailViewModel.swift */; };
		D0DFCE3E2724A74800514BFD /* AppComponent.swift in Sources */ = {isa = PBXBuildFile; fileRef = D0DFCE3D2724A74800514BFD /* AppComponent.swift */; };
		D0EE6C6B26D00342001286FD /* SDWebImageSwiftUI in Frameworks */ = {isa = PBXBuildFile; productRef = D0EE6C6A26D00342001286FD /* SDWebImageSwiftUI */; };
/* End PBXBuildFile section */

/* Begin PBXContainerItemProxy section */
		D00F1AAD272EE7A400FFA503 /* PBXContainerItemProxy */ = {
			isa = PBXContainerItemProxy;
			containerPortal = D0BDA26326C80E92005E0382 /* Project object */;
			proxyType = 1;
			remoteGlobalIDString = D0BDA26A26C80E92005E0382;
			remoteInfo = Gimmiek;
		};
/* End PBXContainerItemProxy section */

/* Begin PBXFileReference section */
		D00F1A9E272EDBD900FFA503 /* GameMapperTest.swift */ = {isa = PBXFileReference; lastKnownFileType = sourcecode.swift; path = GameMapperTest.swift; sourceTree = "<group>"; };
		D00F1AA1272EDC4000FFA503 /* RandomFactory.swift */ = {isa = PBXFileReference; lastKnownFileType = sourcecode.swift; path = RandomFactory.swift; sourceTree = "<group>"; };
		D00F1AA3272EDCE000FFA503 /* GameFactory.swift */ = {isa = PBXFileReference; lastKnownFileType = sourcecode.swift; path = GameFactory.swift; sourceTree = "<group>"; };
		D00F1AA9272EE7A400FFA503 /* GimmiekTests.xctest */ = {isa = PBXFileReference; explicitFileType = wrapper.cfbundle; includeInIndex = 0; path = GimmiekTests.xctest; sourceTree = BUILT_PRODUCTS_DIR; };
		D00F1AAB272EE7A400FFA503 /* GimmiekTests.swift */ = {isa = PBXFileReference; lastKnownFileType = sourcecode.swift; path = GimmiekTests.swift; sourceTree = "<group>"; };
		D01272CC27211FE700AF5D91 /* .swiftlint.yml */ = {isa = PBXFileReference; lastKnownFileType = text.yaml; path = .swiftlint.yml; sourceTree = "<group>"; };
		D0246C3627245D7300D319F2 /* GameListViewModel.swift */ = {isa = PBXFileReference; lastKnownFileType = sourcecode.swift; path = GameListViewModel.swift; sourceTree = "<group>"; };
		D0687EA227298B46004D3908 /* GameFavoritesViewModel.swift */ = {isa = PBXFileReference; lastKnownFileType = sourcecode.swift; path = GameFavoritesViewModel.swift; sourceTree = "<group>"; };
		D085BC1826C8CE4B00380C64 /* AccountDetailView.swift */ = {isa = PBXFileReference; lastKnownFileType = sourcecode.swift; path = AccountDetailView.swift; sourceTree = "<group>"; };
		D0BDA26B26C80E92005E0382 /* Gimmiek.app */ = {isa = PBXFileReference; explicitFileType = wrapper.application; includeInIndex = 0; path = Gimmiek.app; sourceTree = BUILT_PRODUCTS_DIR; };
		D0BDA26E26C80E92005E0382 /* GimmiekApp.swift */ = {isa = PBXFileReference; lastKnownFileType = sourcecode.swift; path = GimmiekApp.swift; sourceTree = "<group>"; };
		D0BDA27026C80E92005E0382 /* ContentView.swift */ = {isa = PBXFileReference; lastKnownFileType = sourcecode.swift; path = ContentView.swift; sourceTree = "<group>"; };
		D0BDA27226C80E94005E0382 /* Assets.xcassets */ = {isa = PBXFileReference; lastKnownFileType = folder.assetcatalog; path = Assets.xcassets; sourceTree = "<group>"; };
		D0BDA27526C80E94005E0382 /* Preview Assets.xcassets */ = {isa = PBXFileReference; lastKnownFileType = folder.assetcatalog; path = "Preview Assets.xcassets"; sourceTree = "<group>"; };
		D0BDA27726C80E94005E0382 /* Info.plist */ = {isa = PBXFileReference; lastKnownFileType = text.plist.xml; path = Info.plist; sourceTree = "<group>"; };
		D0BDA28E26C828CC005E0382 /* GameListView.swift */ = {isa = PBXFileReference; lastKnownFileType = sourcecode.swift; path = GameListView.swift; sourceTree = "<group>"; };
		D0BDA29326C828FB005E0382 /* GameItemView.swift */ = {isa = PBXFileReference; lastKnownFileType = sourcecode.swift; path = GameItemView.swift; sourceTree = "<group>"; };
		D0BDA29F26C83B72005E0382 /* GameDetailView.swift */ = {isa = PBXFileReference; lastKnownFileType = sourcecode.swift; path = GameDetailView.swift; sourceTree = "<group>"; };
		D0BDA2A526C83BD0005E0382 /* Blur.swift */ = {isa = PBXFileReference; lastKnownFileType = sourcecode.swift; path = Blur.swift; sourceTree = "<group>"; };
		D0BDA2A926C84161005E0382 /* EmptyStateView.swift */ = {isa = PBXFileReference; lastKnownFileType = sourcecode.swift; path = EmptyStateView.swift; sourceTree = "<group>"; };
		D0C36A3426D549EF00D647FB /* GameFavoritesView.swift */ = {isa = PBXFileReference; lastKnownFileType = sourcecode.swift; path = GameFavoritesView.swift; sourceTree = "<group>"; };
		D0C430622725A2A0004B0889 /* AccountViewModel.swift */ = {isa = PBXFileReference; lastKnownFileType = sourcecode.swift; path = AccountViewModel.swift; sourceTree = "<group>"; };
		D0C4306E2725B66F004B0889 /* Router.swift */ = {isa = PBXFileReference; lastKnownFileType = sourcecode.swift; path = Router.swift; sourceTree = "<group>"; };
		D0C430732725C562004B0889 /* GameDetailViewModel.swift */ = {isa = PBXFileReference; lastKnownFileType = sourcecode.swift; path = GameDetailViewModel.swift; sourceTree = "<group>"; };
		D0DFCE3D2724A74800514BFD /* AppComponent.swift */ = {isa = PBXFileReference; lastKnownFileType = sourcecode.swift; path = AppComponent.swift; sourceTree = "<group>"; };
/* End PBXFileReference section */

/* Begin PBXFrameworksBuildPhase section */
		D00F1AA6272EE7A400FFA503 /* Frameworks */ = {
			isa = PBXFrameworksBuildPhase;
			buildActionMask = 2147483647;
			files = (
			);
			runOnlyForDeploymentPostprocessing = 0;
		};
		D0BDA26826C80E92005E0382 /* Frameworks */ = {
			isa = PBXFrameworksBuildPhase;
			buildActionMask = 2147483647;
			files = (
				D0EE6C6B26D00342001286FD /* SDWebImageSwiftUI in Frameworks */,
				D0774DA92735971100C5A205 /* Core in Frameworks */,
				D0774DAC27359ED900C5A205 /* Core in Frameworks */,
			);
			runOnlyForDeploymentPostprocessing = 0;
		};
/* End PBXFrameworksBuildPhase section */

/* Begin PBXGroup section */
		D00F1A9D272EDBBA00FFA503 /* mappertest */ = {
			isa = PBXGroup;
			children = (
				D00F1A9E272EDBD900FFA503 /* GameMapperTest.swift */,
			);
			path = mappertest;
			sourceTree = "<group>";
		};
		D00F1AA0272EDC1C00FFA503 /* factorytest */ = {
			isa = PBXGroup;
			children = (
				D00F1AA1272EDC4000FFA503 /* RandomFactory.swift */,
				D00F1AA3272EDCE000FFA503 /* GameFactory.swift */,
			);
			path = factorytest;
			sourceTree = "<group>";
		};
		D00F1AAA272EE7A400FFA503 /* GimmiekTests */ = {
			isa = PBXGroup;
			children = (
				D00F1A9D272EDBBA00FFA503 /* mappertest */,
				D00F1AA0272EDC1C00FFA503 /* factorytest */,
				D00F1AAB272EE7A400FFA503 /* GimmiekTests.swift */,
			);
			path = GimmiekTests;
			sourceTree = "<group>";
		};
		D01272D227212BB700AF5D91 /* itemList */ = {
			isa = PBXGroup;
			children = (
				D0BDA29326C828FB005E0382 /* GameItemView.swift */,
			);
			path = itemList;
			sourceTree = "<group>";
		};
		D0246C3527245D5F00D319F2 /* home */ = {
			isa = PBXGroup;
			children = (
				D0BDA28E26C828CC005E0382 /* GameListView.swift */,
				D0246C3627245D7300D319F2 /* GameListViewModel.swift */,
			);
			path = home;
			sourceTree = "<group>";
		};
		D0774DA72735971100C5A205 /* Frameworks */ = {
			isa = PBXGroup;
			children = (
			);
			name = Frameworks;
			sourceTree = "<group>";
		};
		D0BDA26226C80E92005E0382 = {
			isa = PBXGroup;
			children = (
				D01272CC27211FE700AF5D91 /* .swiftlint.yml */,
				D0BDA26D26C80E92005E0382 /* Gimmiek */,
				D00F1AAA272EE7A400FFA503 /* GimmiekTests */,
				D0BDA26C26C80E92005E0382 /* Products */,
				D0774DA72735971100C5A205 /* Frameworks */,
			);
			sourceTree = "<group>";
		};
		D0BDA26C26C80E92005E0382 /* Products */ = {
			isa = PBXGroup;
			children = (
				D0BDA26B26C80E92005E0382 /* Gimmiek.app */,
				D00F1AA9272EE7A400FFA503 /* GimmiekTests.xctest */,
			);
			name = Products;
			sourceTree = "<group>";
		};
		D0BDA26D26C80E92005E0382 /* Gimmiek */ = {
			isa = PBXGroup;
			children = (
				D0DFCE3C2724A73D00514BFD /* di */,
				D0BDA27E26C80EE7005E0382 /* presentation */,
				D0BDA27226C80E94005E0382 /* Assets.xcassets */,
				D0BDA27726C80E94005E0382 /* Info.plist */,
				D0BDA27426C80E94005E0382 /* Preview Content */,
			);
			path = Gimmiek;
			sourceTree = "<group>";
		};
		D0BDA27426C80E94005E0382 /* Preview Content */ = {
			isa = PBXGroup;
			children = (
				D0BDA27526C80E94005E0382 /* Preview Assets.xcassets */,
			);
			path = "Preview Content";
			sourceTree = "<group>";
		};
		D0BDA27E26C80EE7005E0382 /* presentation */ = {
			isa = PBXGroup;
			children = (
				D0246C3527245D5F00D319F2 /* home */,
				D01272D227212BB700AF5D91 /* itemList */,
				D0BDA2A426C83BBE005E0382 /* custom */,
				D0BDA29E26C83B59005E0382 /* detail */,
				D0BDA29126C828EB005E0382 /* favorite */,
				D0BDA26E26C80E92005E0382 /* GimmiekApp.swift */,
				D0BDA27026C80E92005E0382 /* ContentView.swift */,
				D0C4306E2725B66F004B0889 /* Router.swift */,
			);
			path = presentation;
			sourceTree = "<group>";
		};
		D0BDA29126C828EB005E0382 /* favorite */ = {
			isa = PBXGroup;
			children = (
				D0C36A3426D549EF00D647FB /* GameFavoritesView.swift */,
				D0687EA227298B46004D3908 /* GameFavoritesViewModel.swift */,
			);
			path = favorite;
			sourceTree = "<group>";
		};
		D0BDA29E26C83B59005E0382 /* detail */ = {
			isa = PBXGroup;
			children = (
				D0C430702725C1C5004B0889 /* game */,
				D0C430612725A28E004B0889 /* account */,
			);
			path = detail;
			sourceTree = "<group>";
		};
		D0BDA2A426C83BBE005E0382 /* custom */ = {
			isa = PBXGroup;
			children = (
				D0BDA2A526C83BD0005E0382 /* Blur.swift */,
				D0BDA2A926C84161005E0382 /* EmptyStateView.swift */,
			);
			path = custom;
			sourceTree = "<group>";
		};
		D0C430612725A28E004B0889 /* account */ = {
			isa = PBXGroup;
			children = (
				D085BC1826C8CE4B00380C64 /* AccountDetailView.swift */,
				D0C430622725A2A0004B0889 /* AccountViewModel.swift */,
			);
			path = account;
			sourceTree = "<group>";
		};
		D0C430702725C1C5004B0889 /* game */ = {
			isa = PBXGroup;
			children = (
				D0BDA29F26C83B72005E0382 /* GameDetailView.swift */,
				D0C430732725C562004B0889 /* GameDetailViewModel.swift */,
			);
			path = game;
			sourceTree = "<group>";
		};
		D0DFCE3C2724A73D00514BFD /* di */ = {
			isa = PBXGroup;
			children = (
				D0DFCE3D2724A74800514BFD /* AppComponent.swift */,
			);
			path = di;
			sourceTree = "<group>";
		};
/* End PBXGroup section */

/* Begin PBXNativeTarget section */
		D00F1AA8272EE7A400FFA503 /* GimmiekTests */ = {
			isa = PBXNativeTarget;
			buildConfigurationList = D00F1AAF272EE7A400FFA503 /* Build configuration list for PBXNativeTarget "GimmiekTests" */;
			buildPhases = (
				D00F1AA5272EE7A400FFA503 /* Sources */,
				D00F1AA6272EE7A400FFA503 /* Frameworks */,
				D00F1AA7272EE7A400FFA503 /* Resources */,
			);
			buildRules = (
			);
			dependencies = (
				D00F1AAE272EE7A400FFA503 /* PBXTargetDependency */,
			);
			name = GimmiekTests;
			productName = GimmiekTests;
			productReference = D00F1AA9272EE7A400FFA503 /* GimmiekTests.xctest */;
			productType = "com.apple.product-type.bundle.unit-test";
		};
		D0BDA26A26C80E92005E0382 /* Gimmiek */ = {
			isa = PBXNativeTarget;
			buildConfigurationList = D0BDA27A26C80E94005E0382 /* Build configuration list for PBXNativeTarget "Gimmiek" */;
			buildPhases = (
				D0BDA26726C80E92005E0382 /* Sources */,
				D0BDA26826C80E92005E0382 /* Frameworks */,
				D0BDA26926C80E92005E0382 /* Resources */,
				D01272CB27211EBD00AF5D91 /* ShellScript */,
			);
			buildRules = (
			);
			dependencies = (
			);
			name = Gimmiek;
			packageProductDependencies = (
				D0EE6C6A26D00342001286FD /* SDWebImageSwiftUI */,
				D0774DA82735971100C5A205 /* Core */,
				D0774DAB27359ED900C5A205 /* Core */,
			);
			productName = Gimmiek;
			productReference = D0BDA26B26C80E92005E0382 /* Gimmiek.app */;
			productType = "com.apple.product-type.application";
		};
/* End PBXNativeTarget section */

/* Begin PBXProject section */
		D0BDA26326C80E92005E0382 /* Project object */ = {
			isa = PBXProject;
			attributes = {
				LastSwiftUpdateCheck = 1300;
				LastUpgradeCheck = 1240;
				TargetAttributes = {
					D00F1AA8272EE7A400FFA503 = {
						CreatedOnToolsVersion = 13.0;
						TestTargetID = D0BDA26A26C80E92005E0382;
					};
					D0BDA26A26C80E92005E0382 = {
						CreatedOnToolsVersion = 12.4;
					};
				};
			};
			buildConfigurationList = D0BDA26626C80E92005E0382 /* Build configuration list for PBXProject "Gimmiek" */;
			compatibilityVersion = "Xcode 9.3";
			developmentRegion = en;
			hasScannedForEncodings = 0;
			knownRegions = (
				en,
				Base,
			);
			mainGroup = D0BDA26226C80E92005E0382;
			packageReferences = (
				D0EE6C6926D00342001286FD /* XCRemoteSwiftPackageReference "SDWebImageSwiftUI" */,
				D01272D9272135C000AF5D91 /* XCRemoteSwiftPackageReference "Alamofire" */,
				D0DFCE392724A60400514BFD /* XCRemoteSwiftPackageReference "Cleanse" */,
				D0774DAA27359ED900C5A205 /* XCRemoteSwiftPackageReference "GimmiekCore" */,
			);
			productRefGroup = D0BDA26C26C80E92005E0382 /* Products */;
			projectDirPath = "";
			projectRoot = "";
			targets = (
				D0BDA26A26C80E92005E0382 /* Gimmiek */,
				D00F1AA8272EE7A400FFA503 /* GimmiekTests */,
			);
		};
/* End PBXProject section */

/* Begin PBXResourcesBuildPhase section */
		D00F1AA7272EE7A400FFA503 /* Resources */ = {
			isa = PBXResourcesBuildPhase;
			buildActionMask = 2147483647;
			files = (
			);
			runOnlyForDeploymentPostprocessing = 0;
		};
		D0BDA26926C80E92005E0382 /* Resources */ = {
			isa = PBXResourcesBuildPhase;
			buildActionMask = 2147483647;
			files = (
				D0BDA27626C80E94005E0382 /* Preview Assets.xcassets in Resources */,
				D0BDA27326C80E94005E0382 /* Assets.xcassets in Resources */,
			);
			runOnlyForDeploymentPostprocessing = 0;
		};
/* End PBXResourcesBuildPhase section */

/* Begin PBXShellScriptBuildPhase section */
		D01272CB27211EBD00AF5D91 /* ShellScript */ = {
			isa = PBXShellScriptBuildPhase;
			buildActionMask = 2147483647;
			files = (
			);
			inputFileListPaths = (
			);
			inputPaths = (
			);
			outputFileListPaths = (
			);
			outputPaths = (
			);
			runOnlyForDeploymentPostprocessing = 0;
			shellPath = /bin/sh;
			shellScript = "if which swiftlint >/dev/null; then\n  swiftlint\nelse\n  echo \"warning: SwiftLint not installed, download from https://github.com/realm/SwiftLint\"\nfi\n";
		};
/* End PBXShellScriptBuildPhase section */

/* Begin PBXSourcesBuildPhase section */
		D00F1AA5272EE7A400FFA503 /* Sources */ = {
			isa = PBXSourcesBuildPhase;
			buildActionMask = 2147483647;
			files = (
				D00F1AB3272EE7DF00FFA503 /* GameMapperTest.swift in Sources */,
				D00F1AB4272EE83400FFA503 /* RandomFactory.swift in Sources */,
				D00F1AB5272EE83700FFA503 /* GameFactory.swift in Sources */,
				D00F1AAC272EE7A400FFA503 /* GimmiekTests.swift in Sources */,
			);
			runOnlyForDeploymentPostprocessing = 0;
		};
		D0BDA26726C80E92005E0382 /* Sources */ = {
			isa = PBXSourcesBuildPhase;
			buildActionMask = 2147483647;
			files = (
				D0BDA27126C80E92005E0382 /* ContentView.swift in Sources */,
				D0BDA28F26C828CC005E0382 /* GameListView.swift in Sources */,
				D0DFCE3E2724A74800514BFD /* AppComponent.swift in Sources */,
				D0BDA2A626C83BD0005E0382 /* Blur.swift in Sources */,
				D0BDA29426C828FB005E0382 /* GameItemView.swift in Sources */,
				D0C36A3526D549EF00D647FB /* GameFavoritesView.swift in Sources */,
				D0687EA327298B46004D3908 /* GameFavoritesViewModel.swift in Sources */,
				D0C4306F2725B66F004B0889 /* Router.swift in Sources */,
				D0246C3727245D7300D319F2 /* GameListViewModel.swift in Sources */,
				D0C430632725A2A0004B0889 /* AccountViewModel.swift in Sources */,
				D0BDA26F26C80E92005E0382 /* GimmiekApp.swift in Sources */,
				D0C430742725C562004B0889 /* GameDetailViewModel.swift in Sources */,
				D0BDA2A026C83B72005E0382 /* GameDetailView.swift in Sources */,
				D085BC1926C8CE4B00380C64 /* AccountDetailView.swift in Sources */,
				D0BDA2AA26C84161005E0382 /* EmptyStateView.swift in Sources */,
			);
			runOnlyForDeploymentPostprocessing = 0;
		};
/* End PBXSourcesBuildPhase section */

/* Begin PBXTargetDependency section */
		D00F1AAE272EE7A400FFA503 /* PBXTargetDependency */ = {
			isa = PBXTargetDependency;
			target = D0BDA26A26C80E92005E0382 /* Gimmiek */;
			targetProxy = D00F1AAD272EE7A400FFA503 /* PBXContainerItemProxy */;
		};
/* End PBXTargetDependency section */

/* Begin XCBuildConfiguration section */
		D00F1AB0272EE7A400FFA503 /* Debug */ = {
			isa = XCBuildConfiguration;
			buildSettings = {
				BUNDLE_LOADER = "$(TEST_HOST)";
				CLANG_CXX_LANGUAGE_STANDARD = "gnu++17";
				CODE_SIGN_STYLE = Automatic;
				CURRENT_PROJECT_VERSION = 1;
				DEVELOPMENT_TEAM = 4L75Q22Z5W;
				GENERATE_INFOPLIST_FILE = YES;
				IPHONEOS_DEPLOYMENT_TARGET = 15.0;
				LD_RUNPATH_SEARCH_PATHS = (
					"$(inherited)",
					"@executable_path/Frameworks",
					"@loader_path/Frameworks",
				);
				MARKETING_VERSION = 1.0;
				PRODUCT_BUNDLE_IDENTIFIER = id.adeds.swiftuicoredata.GimmiekTests;
				PRODUCT_NAME = "$(TARGET_NAME)";
				SWIFT_EMIT_LOC_STRINGS = NO;
				SWIFT_VERSION = 5.0;
				TARGETED_DEVICE_FAMILY = "1,2";
				TEST_HOST = "$(BUILT_PRODUCTS_DIR)/Gimmiek.app/Gimmiek";
			};
			name = Debug;
		};
		D00F1AB1272EE7A400FFA503 /* Release */ = {
			isa = XCBuildConfiguration;
			buildSettings = {
				BUNDLE_LOADER = "$(TEST_HOST)";
				CLANG_CXX_LANGUAGE_STANDARD = "gnu++17";
				CODE_SIGN_STYLE = Automatic;
				CURRENT_PROJECT_VERSION = 1;
				DEVELOPMENT_TEAM = 4L75Q22Z5W;
				GENERATE_INFOPLIST_FILE = YES;
				IPHONEOS_DEPLOYMENT_TARGET = 15.0;
				LD_RUNPATH_SEARCH_PATHS = (
					"$(inherited)",
					"@executable_path/Frameworks",
					"@loader_path/Frameworks",
				);
				MARKETING_VERSION = 1.0;
				PRODUCT_BUNDLE_IDENTIFIER = id.adeds.swiftuicoredata.GimmiekTests;
				PRODUCT_NAME = "$(TARGET_NAME)";
				SWIFT_EMIT_LOC_STRINGS = NO;
				SWIFT_VERSION = 5.0;
				TARGETED_DEVICE_FAMILY = "1,2";
				TEST_HOST = "$(BUILT_PRODUCTS_DIR)/Gimmiek.app/Gimmiek";
			};
			name = Release;
		};
		D0BDA27826C80E94005E0382 /* Debug */ = {
			isa = XCBuildConfiguration;
			buildSettings = {
				ALWAYS_SEARCH_USER_PATHS = NO;
				CLANG_ANALYZER_NONNULL = YES;
				CLANG_ANALYZER_NUMBER_OBJECT_CONVERSION = YES_AGGRESSIVE;
				CLANG_CXX_LANGUAGE_STANDARD = "gnu++14";
				CLANG_CXX_LIBRARY = "libc++";
				CLANG_ENABLE_MODULES = YES;
				CLANG_ENABLE_OBJC_ARC = YES;
				CLANG_ENABLE_OBJC_WEAK = YES;
				CLANG_WARN_BLOCK_CAPTURE_AUTORELEASING = YES;
				CLANG_WARN_BOOL_CONVERSION = YES;
				CLANG_WARN_COMMA = YES;
				CLANG_WARN_CONSTANT_CONVERSION = YES;
				CLANG_WARN_DEPRECATED_OBJC_IMPLEMENTATIONS = YES;
				CLANG_WARN_DIRECT_OBJC_ISA_USAGE = YES_ERROR;
				CLANG_WARN_DOCUMENTATION_COMMENTS = YES;
				CLANG_WARN_EMPTY_BODY = YES;
				CLANG_WARN_ENUM_CONVERSION = YES;
				CLANG_WARN_INFINITE_RECURSION = YES;
				CLANG_WARN_INT_CONVERSION = YES;
				CLANG_WARN_NON_LITERAL_NULL_CONVERSION = YES;
				CLANG_WARN_OBJC_IMPLICIT_RETAIN_SELF = YES;
				CLANG_WARN_OBJC_LITERAL_CONVERSION = YES;
				CLANG_WARN_OBJC_ROOT_CLASS = YES_ERROR;
				CLANG_WARN_QUOTED_INCLUDE_IN_FRAMEWORK_HEADER = YES;
				CLANG_WARN_RANGE_LOOP_ANALYSIS = YES;
				CLANG_WARN_STRICT_PROTOTYPES = YES;
				CLANG_WARN_SUSPICIOUS_MOVE = YES;
				CLANG_WARN_UNGUARDED_AVAILABILITY = YES_AGGRESSIVE;
				CLANG_WARN_UNREACHABLE_CODE = YES;
				CLANG_WARN__DUPLICATE_METHOD_MATCH = YES;
				COPY_PHASE_STRIP = NO;
				DEBUG_INFORMATION_FORMAT = dwarf;
				ENABLE_STRICT_OBJC_MSGSEND = YES;
				ENABLE_TESTABILITY = YES;
				ENABLE_TESTING_SEARCH_PATHS = YES;
				GCC_C_LANGUAGE_STANDARD = gnu11;
				GCC_DYNAMIC_NO_PIC = NO;
				GCC_NO_COMMON_BLOCKS = YES;
				GCC_OPTIMIZATION_LEVEL = 0;
				GCC_PREPROCESSOR_DEFINITIONS = (
					"DEBUG=1",
					"$(inherited)",
				);
				GCC_WARN_64_TO_32_BIT_CONVERSION = YES;
				GCC_WARN_ABOUT_RETURN_TYPE = YES_ERROR;
				GCC_WARN_UNDECLARED_SELECTOR = YES;
				GCC_WARN_UNINITIALIZED_AUTOS = YES_AGGRESSIVE;
				GCC_WARN_UNUSED_FUNCTION = YES;
				GCC_WARN_UNUSED_VARIABLE = YES;
				IPHONEOS_DEPLOYMENT_TARGET = 14.4;
				MTL_ENABLE_DEBUG_INFO = INCLUDE_SOURCE;
				MTL_FAST_MATH = YES;
				ONLY_ACTIVE_ARCH = YES;
				SDKROOT = iphoneos;
				SWIFT_ACTIVE_COMPILATION_CONDITIONS = DEBUG;
				SWIFT_OPTIMIZATION_LEVEL = "-Onone";
			};
			name = Debug;
		};
		D0BDA27926C80E94005E0382 /* Release */ = {
			isa = XCBuildConfiguration;
			buildSettings = {
				ALWAYS_SEARCH_USER_PATHS = NO;
				CLANG_ANALYZER_NONNULL = YES;
				CLANG_ANALYZER_NUMBER_OBJECT_CONVERSION = YES_AGGRESSIVE;
				CLANG_CXX_LANGUAGE_STANDARD = "gnu++14";
				CLANG_CXX_LIBRARY = "libc++";
				CLANG_ENABLE_MODULES = YES;
				CLANG_ENABLE_OBJC_ARC = YES;
				CLANG_ENABLE_OBJC_WEAK = YES;
				CLANG_WARN_BLOCK_CAPTURE_AUTORELEASING = YES;
				CLANG_WARN_BOOL_CONVERSION = YES;
				CLANG_WARN_COMMA = YES;
				CLANG_WARN_CONSTANT_CONVERSION = YES;
				CLANG_WARN_DEPRECATED_OBJC_IMPLEMENTATIONS = YES;
				CLANG_WARN_DIRECT_OBJC_ISA_USAGE = YES_ERROR;
				CLANG_WARN_DOCUMENTATION_COMMENTS = YES;
				CLANG_WARN_EMPTY_BODY = YES;
				CLANG_WARN_ENUM_CONVERSION = YES;
				CLANG_WARN_INFINITE_RECURSION = YES;
				CLANG_WARN_INT_CONVERSION = YES;
				CLANG_WARN_NON_LITERAL_NULL_CONVERSION = YES;
				CLANG_WARN_OBJC_IMPLICIT_RETAIN_SELF = YES;
				CLANG_WARN_OBJC_LITERAL_CONVERSION = YES;
				CLANG_WARN_OBJC_ROOT_CLASS = YES_ERROR;
				CLANG_WARN_QUOTED_INCLUDE_IN_FRAMEWORK_HEADER = YES;
				CLANG_WARN_RANGE_LOOP_ANALYSIS = YES;
				CLANG_WARN_STRICT_PROTOTYPES = YES;
				CLANG_WARN_SUSPICIOUS_MOVE = YES;
				CLANG_WARN_UNGUARDED_AVAILABILITY = YES_AGGRESSIVE;
				CLANG_WARN_UNREACHABLE_CODE = YES;
				CLANG_WARN__DUPLICATE_METHOD_MATCH = YES;
				COPY_PHASE_STRIP = NO;
				DEBUG_INFORMATION_FORMAT = "dwarf-with-dsym";
				ENABLE_NS_ASSERTIONS = NO;
				ENABLE_STRICT_OBJC_MSGSEND = YES;
				ENABLE_TESTING_SEARCH_PATHS = YES;
				GCC_C_LANGUAGE_STANDARD = gnu11;
				GCC_NO_COMMON_BLOCKS = YES;
				GCC_WARN_64_TO_32_BIT_CONVERSION = YES;
				GCC_WARN_ABOUT_RETURN_TYPE = YES_ERROR;
				GCC_WARN_UNDECLARED_SELECTOR = YES;
				GCC_WARN_UNINITIALIZED_AUTOS = YES_AGGRESSIVE;
				GCC_WARN_UNUSED_FUNCTION = YES;
				GCC_WARN_UNUSED_VARIABLE = YES;
				IPHONEOS_DEPLOYMENT_TARGET = 14.4;
				MTL_ENABLE_DEBUG_INFO = NO;
				MTL_FAST_MATH = YES;
				SDKROOT = iphoneos;
				SWIFT_COMPILATION_MODE = wholemodule;
				SWIFT_OPTIMIZATION_LEVEL = "-O";
				VALIDATE_PRODUCT = YES;
			};
			name = Release;
		};
		D0BDA27B26C80E94005E0382 /* Debug */ = {
			isa = XCBuildConfiguration;
			buildSettings = {
				ASSETCATALOG_COMPILER_APPICON_NAME = AppIcon;
				ASSETCATALOG_COMPILER_GLOBAL_ACCENT_COLOR_NAME = AccentColor;
				CODE_SIGN_STYLE = Automatic;
				DEVELOPMENT_ASSET_PATHS = "\"Gimmiek/Preview Content\"";
				DEVELOPMENT_TEAM = 4L75Q22Z5W;
				ENABLE_PREVIEWS = YES;
				INFOPLIST_FILE = Gimmiek/Info.plist;
				IPHONEOS_DEPLOYMENT_TARGET = 14.0;
				LD_RUNPATH_SEARCH_PATHS = (
					"$(inherited)",
					"@executable_path/Frameworks",
				);
				PRODUCT_BUNDLE_IDENTIFIER = id.adeds.gimmiek.Gimmiek;
				PRODUCT_NAME = "$(TARGET_NAME)";
				SWIFT_VERSION = 5.0;
				TARGETED_DEVICE_FAMILY = "1,2";
			};
			name = Debug;
		};
		D0BDA27C26C80E94005E0382 /* Release */ = {
			isa = XCBuildConfiguration;
			buildSettings = {
				ASSETCATALOG_COMPILER_APPICON_NAME = AppIcon;
				ASSETCATALOG_COMPILER_GLOBAL_ACCENT_COLOR_NAME = AccentColor;
				CODE_SIGN_STYLE = Automatic;
				DEVELOPMENT_ASSET_PATHS = "\"Gimmiek/Preview Content\"";
				DEVELOPMENT_TEAM = 4L75Q22Z5W;
				ENABLE_PREVIEWS = YES;
				INFOPLIST_FILE = Gimmiek/Info.plist;
				IPHONEOS_DEPLOYMENT_TARGET = 14.0;
				LD_RUNPATH_SEARCH_PATHS = (
					"$(inherited)",
					"@executable_path/Frameworks",
				);
				PRODUCT_BUNDLE_IDENTIFIER = id.adeds.gimmiek.Gimmiek;
				PRODUCT_NAME = "$(TARGET_NAME)";
				SWIFT_VERSION = 5.0;
				TARGETED_DEVICE_FAMILY = "1,2";
			};
			name = Release;
		};
/* End XCBuildConfiguration section */

/* Begin XCConfigurationList section */
		D00F1AAF272EE7A400FFA503 /* Build configuration list for PBXNativeTarget "GimmiekTests" */ = {
			isa = XCConfigurationList;
			buildConfigurations = (
				D00F1AB0272EE7A400FFA503 /* Debug */,
				D00F1AB1272EE7A400FFA503 /* Release */,
			);
			defaultConfigurationIsVisible = 0;
			defaultConfigurationName = Release;
		};
		D0BDA26626C80E92005E0382 /* Build configuration list for PBXProject "Gimmiek" */ = {
			isa = XCConfigurationList;
			buildConfigurations = (
				D0BDA27826C80E94005E0382 /* Debug */,
				D0BDA27926C80E94005E0382 /* Release */,
			);
			defaultConfigurationIsVisible = 0;
			defaultConfigurationName = Release;
		};
		D0BDA27A26C80E94005E0382 /* Build configuration list for PBXNativeTarget "Gimmiek" */ = {
			isa = XCConfigurationList;
			buildConfigurations = (
				D0BDA27B26C80E94005E0382 /* Debug */,
				D0BDA27C26C80E94005E0382 /* Release */,
			);
			defaultConfigurationIsVisible = 0;
			defaultConfigurationName = Release;
		};
/* End XCConfigurationList section */

/* Begin XCRemoteSwiftPackageReference section */
		D01272D9272135C000AF5D91 /* XCRemoteSwiftPackageReference "Alamofire" */ = {
			isa = XCRemoteSwiftPackageReference;
			repositoryURL = "https://github.com/Alamofire/Alamofire";
			requirement = {
				kind = upToNextMajorVersion;
				minimumVersion = 5.0.0;
			};
		};
		D0774DAA27359ED900C5A205 /* XCRemoteSwiftPackageReference "GimmiekCore" */ = {
			isa = XCRemoteSwiftPackageReference;
			repositoryURL = "https://github.com/adeds/GimmiekCore.git";
			requirement = {
				branch = main;
				kind = branch;
			};
		};
		D0DFCE392724A60400514BFD /* XCRemoteSwiftPackageReference "Cleanse" */ = {
			isa = XCRemoteSwiftPackageReference;
			repositoryURL = "https://github.com/square/Cleanse";
			requirement = {
				kind = upToNextMajorVersion;
				minimumVersion = 4.0.0;
			};
		};
		D0EE6C6926D00342001286FD /* XCRemoteSwiftPackageReference "SDWebImageSwiftUI" */ = {
			isa = XCRemoteSwiftPackageReference;
			repositoryURL = "https://github.com/SDWebImage/SDWebImageSwiftUI";
			requirement = {
				kind = upToNextMajorVersion;
				minimumVersion = 2.0.2;
			};
		};
/* End XCRemoteSwiftPackageReference section */

/* Begin XCSwiftPackageProductDependency section */
		D0774DA82735971100C5A205 /* Core */ = {
			isa = XCSwiftPackageProductDependency;
			productName = Core;
		};
		D0774DAB27359ED900C5A205 /* Core */ = {
			isa = XCSwiftPackageProductDependency;
			package = D0774DAA27359ED900C5A205 /* XCRemoteSwiftPackageReference "GimmiekCore" */;
			productName = Core;
		};
		D0EE6C6A26D00342001286FD /* SDWebImageSwiftUI */ = {
			isa = XCSwiftPackageProductDependency;
			package = D0EE6C6926D00342001286FD /* XCRemoteSwiftPackageReference "SDWebImageSwiftUI" */;
			productName = SDWebImageSwiftUI;
		};
/* End XCSwiftPackageProductDependency section */
	};
	rootObject = D0BDA26326C80E92005E0382 /* Project object */;
}
